
Microsoft Visual Studio Solution File, Format Version 12.00
# Visual Studio Express 2012 for Web
Project("{FAE04EC0-301F-11D3-BF4B-00C04F79EFBC}") = "BlankSite1", "BlankSite1\BlankSite1.csproj", "{9EFF32C4-4AE4-4733-82AE-49B81C0FC7C9}"
EndProject
Global
	GlobalSection(SolutionConfigurationPlatforms) = preSolution
		Debug|Any CPU = Debug|Any CPU
		Release|Any CPU = Release|Any CPU
	EndGlobalSection
	GlobalSection(ProjectConfigurationPlatforms) = postSolution
		{9EFF32C4-4AE4-4733-82AE-49B81C0FC7C9}.Debug|Any CPU.ActiveCfg = Debug|Any CPU
		{9EFF32C4-4AE4-4733-82AE-49B81C0FC7C9}.Debug|Any CPU.Build.0 = Debug|Any CPU
		{9EFF32C4-4AE4-4733-82AE-49B81C0FC7C9}.Release|Any CPU.ActiveCfg = Release|Any CPU
		{9EFF32C4-4AE4-4733-82AE-49B81C0FC7C9}.Release|Any CPU.Build.0 = Release|Any CPU
	EndGlobalSection
	GlobalSection(SolutionProperties) = preSolution
		HideSolutionNode = FALSE
	EndGlobalSection
EndGlobal
